
Microsoft Visual Studio Solution File, Format Version 12.00
Project("{FAE04EC0-301F-11D3-BF4B-00C04F79EFBC}") = "Day1", "Day1\Day1.csproj", "{A0378DC1-E34B-42D6-8D90-A50DCB089597}"
EndProject
Project("{FAE04EC0-301F-11D3-BF4B-00C04F79EFBC}") = "Day1.Tests", "Day1.Tests\Day1.Tests.csproj", "{B905D44A-0C72-41DB-ACB1-FCA133A11487}"
EndProject
Project("{FAE04EC0-301F-11D3-BF4B-00C04F79EFBC}") = "Day2", "Day2\Day2.csproj", "{E7B675C1-590E-4922-AFBC-34E9B4B9031E}"
EndProject
Project("{FAE04EC0-301F-11D3-BF4B-00C04F79EFBC}") = "Day2.Tests", "Day2.Tests\Day2.Tests.csproj", "{A0E034A1-D71A-4D37-A2B9-831111132915}"
EndProject
Project("{FAE04EC0-301F-11D3-BF4B-00C04F79EFBC}") = "Day3", "Day3\Day3.csproj", "{93ECB516-B9BB-47D2-9E3A-7A468961E417}"
EndProject
Project("{FAE04EC0-301F-11D3-BF4B-00C04F79EFBC}") = "Day3.Tests", "Day3.Tests\Day3.Tests.csproj", "{7B717C5B-9D8A-4681-9246-E61193A7C544}"
EndProject
Project("{FAE04EC0-301F-11D3-BF4B-00C04F79EFBC}") = "Day4", "Day4\Day4.csproj", "{FCFA6FBB-0509-4453-9684-EBBEEB9E2B40}"
EndProject
Project("{FAE04EC0-301F-11D3-BF4B-00C04F79EFBC}") = "Day4.Tests", "Day4.Tests\Day4.Tests.csproj", "{0397A6C9-9D8F-48A4-8410-4F1F695F6E7A}"
EndProject
Project("{FAE04EC0-301F-11D3-BF4B-00C04F79EFBC}") = "Day5", "Day5\Day5.csproj", "{26CA0969-9B17-495A-95CF-DD4918CCDA51}"
EndProject
Project("{FAE04EC0-301F-11D3-BF4B-00C04F79EFBC}") = "Day5.Tests", "Day5.Tests\Day5.Tests.csproj", "{2726F68C-2C17-4E6F-86F4-D37D09AAA64A}"
EndProject
Project("{FAE04EC0-301F-11D3-BF4B-00C04F79EFBC}") = "Day6", "Day6\Day6.csproj", "{ED73D6A6-6462-42B1-9A23-A111C887CFBE}"
EndProject
Project("{FAE04EC0-301F-11D3-BF4B-00C04F79EFBC}") = "Day6.Tests", "Day6.Tests\Day6.Tests.csproj", "{916F3D97-7045-4ADB-B8C1-9D2620E6885B}"
EndProject
Project("{FAE04EC0-301F-11D3-BF4B-00C04F79EFBC}") = "Day7", "Day7\Day7.csproj", "{E309B909-423E-47D8-9267-4FCC081ED6F8}"
EndProject
Project("{FAE04EC0-301F-11D3-BF4B-00C04F79EFBC}") = "Day7.Tests", "Day7.Tests\Day7.Tests.csproj", "{D4051361-CF16-4AD6-91A9-B64739893A97}"
EndProject
Project("{FAE04EC0-301F-11D3-BF4B-00C04F79EFBC}") = "Day8", "Day8\Day8.csproj", "{1B3302FA-B09E-42C0-BF04-E3F7314233E7}"
EndProject
Project("{FAE04EC0-301F-11D3-BF4B-00C04F79EFBC}") = "Day8.Tests", "Day8.Tests\Day8.Tests.csproj", "{5EB7B0F7-D6F9-4A2E-8082-382133E577EF}"
EndProject
Project("{FAE04EC0-301F-11D3-BF4B-00C04F79EFBC}") = "Day9", "Day9\Day9.csproj", "{D0D08FE9-C52F-44A1-9143-2B87F22A0E5E}"
EndProject
Project("{FAE04EC0-301F-11D3-BF4B-00C04F79EFBC}") = "Day9.Tests", "Day9.Tests\Day9.Tests.csproj", "{0E62A405-F96F-448A-ADBF-ED6228761582}"
EndProject
Project("{FAE04EC0-301F-11D3-BF4B-00C04F79EFBC}") = "Day10", "Day10\Day10.csproj", "{B1E666B1-A12F-4578-AFA4-75CDA2904E62}"
EndProject
Project("{FAE04EC0-301F-11D3-BF4B-00C04F79EFBC}") = "Day10.Tests", "Day10.Tests\Day10.Tests.csproj", "{66B2B313-3AB3-4EF9-8B1B-6A17F757E758}"
EndProject
Project("{FAE04EC0-301F-11D3-BF4B-00C04F79EFBC}") = "Day11", "Day11\Day11.csproj", "{935AE800-CE05-48E3-BA27-448DEE495E7F}"
EndProject
Project("{FAE04EC0-301F-11D3-BF4B-00C04F79EFBC}") = "Day11.Tests", "Day11.Tests\Day11.Tests.csproj", "{A1AAEC7C-6AC4-4157-AA20-38387B2FD5D4}"
EndProject
Project("{FAE04EC0-301F-11D3-BF4B-00C04F79EFBC}") = "Day12", "Day12\Day12.csproj", "{FE8D2D8D-B770-4752-AD3C-FE61BEC2276A}"
EndProject
Project("{FAE04EC0-301F-11D3-BF4B-00C04F79EFBC}") = "Day12.Tests", "Day12.Tests\Day12.Tests.csproj", "{2FE756F0-F74A-4295-B46E-3D47C8C09EEF}"
EndProject
Global
	GlobalSection(SolutionConfigurationPlatforms) = preSolution
		Debug|Any CPU = Debug|Any CPU
		Release|Any CPU = Release|Any CPU
	EndGlobalSection
	GlobalSection(ProjectConfigurationPlatforms) = postSolution
		{A0378DC1-E34B-42D6-8D90-A50DCB089597}.Debug|Any CPU.ActiveCfg = Debug|Any CPU
		{A0378DC1-E34B-42D6-8D90-A50DCB089597}.Debug|Any CPU.Build.0 = Debug|Any CPU
		{A0378DC1-E34B-42D6-8D90-A50DCB089597}.Release|Any CPU.ActiveCfg = Release|Any CPU
		{A0378DC1-E34B-42D6-8D90-A50DCB089597}.Release|Any CPU.Build.0 = Release|Any CPU
		{B905D44A-0C72-41DB-ACB1-FCA133A11487}.Debug|Any CPU.ActiveCfg = Debug|Any CPU
		{B905D44A-0C72-41DB-ACB1-FCA133A11487}.Debug|Any CPU.Build.0 = Debug|Any CPU
		{B905D44A-0C72-41DB-ACB1-FCA133A11487}.Release|Any CPU.ActiveCfg = Release|Any CPU
		{B905D44A-0C72-41DB-ACB1-FCA133A11487}.Release|Any CPU.Build.0 = Release|Any CPU
		{E7B675C1-590E-4922-AFBC-34E9B4B9031E}.Debug|Any CPU.ActiveCfg = Debug|Any CPU
		{E7B675C1-590E-4922-AFBC-34E9B4B9031E}.Debug|Any CPU.Build.0 = Debug|Any CPU
		{E7B675C1-590E-4922-AFBC-34E9B4B9031E}.Release|Any CPU.ActiveCfg = Release|Any CPU
		{E7B675C1-590E-4922-AFBC-34E9B4B9031E}.Release|Any CPU.Build.0 = Release|Any CPU
		{A0E034A1-D71A-4D37-A2B9-831111132915}.Debug|Any CPU.ActiveCfg = Debug|Any CPU
		{A0E034A1-D71A-4D37-A2B9-831111132915}.Debug|Any CPU.Build.0 = Debug|Any CPU
		{A0E034A1-D71A-4D37-A2B9-831111132915}.Release|Any CPU.ActiveCfg = Release|Any CPU
		{A0E034A1-D71A-4D37-A2B9-831111132915}.Release|Any CPU.Build.0 = Release|Any CPU
		{93ECB516-B9BB-47D2-9E3A-7A468961E417}.Debug|Any CPU.ActiveCfg = Debug|Any CPU
		{93ECB516-B9BB-47D2-9E3A-7A468961E417}.Debug|Any CPU.Build.0 = Debug|Any CPU
		{93ECB516-B9BB-47D2-9E3A-7A468961E417}.Release|Any CPU.ActiveCfg = Release|Any CPU
		{93ECB516-B9BB-47D2-9E3A-7A468961E417}.Release|Any CPU.Build.0 = Release|Any CPU
		{7B717C5B-9D8A-4681-9246-E61193A7C544}.Debug|Any CPU.ActiveCfg = Debug|Any CPU
		{7B717C5B-9D8A-4681-9246-E61193A7C544}.Debug|Any CPU.Build.0 = Debug|Any CPU
		{7B717C5B-9D8A-4681-9246-E61193A7C544}.Release|Any CPU.ActiveCfg = Release|Any CPU
		{7B717C5B-9D8A-4681-9246-E61193A7C544}.Release|Any CPU.Build.0 = Release|Any CPU
		{FCFA6FBB-0509-4453-9684-EBBEEB9E2B40}.Debug|Any CPU.ActiveCfg = Debug|Any CPU
		{FCFA6FBB-0509-4453-9684-EBBEEB9E2B40}.Debug|Any CPU.Build.0 = Debug|Any CPU
		{FCFA6FBB-0509-4453-9684-EBBEEB9E2B40}.Release|Any CPU.ActiveCfg = Release|Any CPU
		{FCFA6FBB-0509-4453-9684-EBBEEB9E2B40}.Release|Any CPU.Build.0 = Release|Any CPU
		{0397A6C9-9D8F-48A4-8410-4F1F695F6E7A}.Debug|Any CPU.ActiveCfg = Debug|Any CPU
		{0397A6C9-9D8F-48A4-8410-4F1F695F6E7A}.Debug|Any CPU.Build.0 = Debug|Any CPU
		{0397A6C9-9D8F-48A4-8410-4F1F695F6E7A}.Release|Any CPU.ActiveCfg = Release|Any CPU
		{0397A6C9-9D8F-48A4-8410-4F1F695F6E7A}.Release|Any CPU.Build.0 = Release|Any CPU
		{26CA0969-9B17-495A-95CF-DD4918CCDA51}.Debug|Any CPU.ActiveCfg = Debug|Any CPU
		{26CA0969-9B17-495A-95CF-DD4918CCDA51}.Debug|Any CPU.Build.0 = Debug|Any CPU
		{26CA0969-9B17-495A-95CF-DD4918CCDA51}.Release|Any CPU.ActiveCfg = Release|Any CPU
		{26CA0969-9B17-495A-95CF-DD4918CCDA51}.Release|Any CPU.Build.0 = Release|Any CPU
		{2726F68C-2C17-4E6F-86F4-D37D09AAA64A}.Debug|Any CPU.ActiveCfg = Debug|Any CPU
		{2726F68C-2C17-4E6F-86F4-D37D09AAA64A}.Debug|Any CPU.Build.0 = Debug|Any CPU
		{2726F68C-2C17-4E6F-86F4-D37D09AAA64A}.Release|Any CPU.ActiveCfg = Release|Any CPU
		{2726F68C-2C17-4E6F-86F4-D37D09AAA64A}.Release|Any CPU.Build.0 = Release|Any CPU
		{ED73D6A6-6462-42B1-9A23-A111C887CFBE}.Debug|Any CPU.ActiveCfg = Debug|Any CPU
		{ED73D6A6-6462-42B1-9A23-A111C887CFBE}.Debug|Any CPU.Build.0 = Debug|Any CPU
		{ED73D6A6-6462-42B1-9A23-A111C887CFBE}.Release|Any CPU.ActiveCfg = Release|Any CPU
		{ED73D6A6-6462-42B1-9A23-A111C887CFBE}.Release|Any CPU.Build.0 = Release|Any CPU
		{916F3D97-7045-4ADB-B8C1-9D2620E6885B}.Debug|Any CPU.ActiveCfg = Debug|Any CPU
		{916F3D97-7045-4ADB-B8C1-9D2620E6885B}.Debug|Any CPU.Build.0 = Debug|Any CPU
		{916F3D97-7045-4ADB-B8C1-9D2620E6885B}.Release|Any CPU.ActiveCfg = Release|Any CPU
		{916F3D97-7045-4ADB-B8C1-9D2620E6885B}.Release|Any CPU.Build.0 = Release|Any CPU
		{E309B909-423E-47D8-9267-4FCC081ED6F8}.Debug|Any CPU.ActiveCfg = Debug|Any CPU
		{E309B909-423E-47D8-9267-4FCC081ED6F8}.Debug|Any CPU.Build.0 = Debug|Any CPU
		{E309B909-423E-47D8-9267-4FCC081ED6F8}.Release|Any CPU.ActiveCfg = Release|Any CPU
		{E309B909-423E-47D8-9267-4FCC081ED6F8}.Release|Any CPU.Build.0 = Release|Any CPU
		{D4051361-CF16-4AD6-91A9-B64739893A97}.Debug|Any CPU.ActiveCfg = Debug|Any CPU
		{D4051361-CF16-4AD6-91A9-B64739893A97}.Debug|Any CPU.Build.0 = Debug|Any CPU
		{D4051361-CF16-4AD6-91A9-B64739893A97}.Release|Any CPU.ActiveCfg = Release|Any CPU
		{D4051361-CF16-4AD6-91A9-B64739893A97}.Release|Any CPU.Build.0 = Release|Any CPU
		{1B3302FA-B09E-42C0-BF04-E3F7314233E7}.Debug|Any CPU.ActiveCfg = Debug|Any CPU
		{1B3302FA-B09E-42C0-BF04-E3F7314233E7}.Debug|Any CPU.Build.0 = Debug|Any CPU
		{1B3302FA-B09E-42C0-BF04-E3F7314233E7}.Release|Any CPU.ActiveCfg = Release|Any CPU
		{1B3302FA-B09E-42C0-BF04-E3F7314233E7}.Release|Any CPU.Build.0 = Release|Any CPU
		{5EB7B0F7-D6F9-4A2E-8082-382133E577EF}.Debug|Any CPU.ActiveCfg = Debug|Any CPU
		{5EB7B0F7-D6F9-4A2E-8082-382133E577EF}.Debug|Any CPU.Build.0 = Debug|Any CPU
		{5EB7B0F7-D6F9-4A2E-8082-382133E577EF}.Release|Any CPU.ActiveCfg = Release|Any CPU
		{5EB7B0F7-D6F9-4A2E-8082-382133E577EF}.Release|Any CPU.Build.0 = Release|Any CPU
		{D0D08FE9-C52F-44A1-9143-2B87F22A0E5E}.Debug|Any CPU.ActiveCfg = Debug|Any CPU
		{D0D08FE9-C52F-44A1-9143-2B87F22A0E5E}.Debug|Any CPU.Build.0 = Debug|Any CPU
		{D0D08FE9-C52F-44A1-9143-2B87F22A0E5E}.Release|Any CPU.ActiveCfg = Release|Any CPU
		{D0D08FE9-C52F-44A1-9143-2B87F22A0E5E}.Release|Any CPU.Build.0 = Release|Any CPU
		{0E62A405-F96F-448A-ADBF-ED6228761582}.Debug|Any CPU.ActiveCfg = Debug|Any CPU
		{0E62A405-F96F-448A-ADBF-ED6228761582}.Debug|Any CPU.Build.0 = Debug|Any CPU
		{0E62A405-F96F-448A-ADBF-ED6228761582}.Release|Any CPU.ActiveCfg = Release|Any CPU
		{0E62A405-F96F-448A-ADBF-ED6228761582}.Release|Any CPU.Build.0 = Release|Any CPU
		{B1E666B1-A12F-4578-AFA4-75CDA2904E62}.Debug|Any CPU.ActiveCfg = Debug|Any CPU
		{B1E666B1-A12F-4578-AFA4-75CDA2904E62}.Debug|Any CPU.Build.0 = Debug|Any CPU
		{B1E666B1-A12F-4578-AFA4-75CDA2904E62}.Release|Any CPU.ActiveCfg = Release|Any CPU
		{B1E666B1-A12F-4578-AFA4-75CDA2904E62}.Release|Any CPU.Build.0 = Release|Any CPU
		{66B2B313-3AB3-4EF9-8B1B-6A17F757E758}.Debug|Any CPU.ActiveCfg = Debug|Any CPU
		{66B2B313-3AB3-4EF9-8B1B-6A17F757E758}.Debug|Any CPU.Build.0 = Debug|Any CPU
		{66B2B313-3AB3-4EF9-8B1B-6A17F757E758}.Release|Any CPU.ActiveCfg = Release|Any CPU
		{66B2B313-3AB3-4EF9-8B1B-6A17F757E758}.Release|Any CPU.Build.0 = Release|Any CPU
		{935AE800-CE05-48E3-BA27-448DEE495E7F}.Debug|Any CPU.ActiveCfg = Debug|Any CPU
		{935AE800-CE05-48E3-BA27-448DEE495E7F}.Debug|Any CPU.Build.0 = Debug|Any CPU
		{935AE800-CE05-48E3-BA27-448DEE495E7F}.Release|Any CPU.ActiveCfg = Release|Any CPU
		{935AE800-CE05-48E3-BA27-448DEE495E7F}.Release|Any CPU.Build.0 = Release|Any CPU
		{A1AAEC7C-6AC4-4157-AA20-38387B2FD5D4}.Debug|Any CPU.ActiveCfg = Debug|Any CPU
		{A1AAEC7C-6AC4-4157-AA20-38387B2FD5D4}.Debug|Any CPU.Build.0 = Debug|Any CPU
		{A1AAEC7C-6AC4-4157-AA20-38387B2FD5D4}.Release|Any CPU.ActiveCfg = Release|Any CPU
		{A1AAEC7C-6AC4-4157-AA20-38387B2FD5D4}.Release|Any CPU.Build.0 = Release|Any CPU
		{FE8D2D8D-B770-4752-AD3C-FE61BEC2276A}.Debug|Any CPU.ActiveCfg = Debug|Any CPU
		{FE8D2D8D-B770-4752-AD3C-FE61BEC2276A}.Debug|Any CPU.Build.0 = Debug|Any CPU
		{FE8D2D8D-B770-4752-AD3C-FE61BEC2276A}.Release|Any CPU.ActiveCfg = Release|Any CPU
		{FE8D2D8D-B770-4752-AD3C-FE61BEC2276A}.Release|Any CPU.Build.0 = Release|Any CPU
		{2FE756F0-F74A-4295-B46E-3D47C8C09EEF}.Debug|Any CPU.ActiveCfg = Debug|Any CPU
		{2FE756F0-F74A-4295-B46E-3D47C8C09EEF}.Debug|Any CPU.Build.0 = Debug|Any CPU
		{2FE756F0-F74A-4295-B46E-3D47C8C09EEF}.Release|Any CPU.ActiveCfg = Release|Any CPU
		{2FE756F0-F74A-4295-B46E-3D47C8C09EEF}.Release|Any CPU.Build.0 = Release|Any CPU
	EndGlobalSection
EndGlobal
