
Microsoft Visual Studio Solution File, Format Version 12.00
Project("{FAE04EC0-301F-11D3-BF4B-00C04F79EFBC}") = "Day1", "Day1\Day1.csproj", "{A0378DC1-E34B-42D6-8D90-A50DCB089597}"
EndProject
Project("{FAE04EC0-301F-11D3-BF4B-00C04F79EFBC}") = "Day1.Tests", "Day1.Tests\Day1.Tests.csproj", "{B905D44A-0C72-41DB-ACB1-FCA133A11487}"
EndProject
Project("{FAE04EC0-301F-11D3-BF4B-00C04F79EFBC}") = "Day2", "Day2\Day2.csproj", "{E7B675C1-590E-4922-AFBC-34E9B4B9031E}"
EndProject
Project("{FAE04EC0-301F-11D3-BF4B-00C04F79EFBC}") = "Day2.Tests", "Day2.Tests\Day2.Tests.csproj", "{A0E034A1-D71A-4D37-A2B9-831111132915}"
EndProject
Project("{FAE04EC0-301F-11D3-BF4B-00C04F79EFBC}") = "Day3", "Day3\Day3.csproj", "{93ECB516-B9BB-47D2-9E3A-7A468961E417}"
EndProject
Project("{FAE04EC0-301F-11D3-BF4B-00C04F79EFBC}") = "Day3.Tests", "Day3.Tests\Day3.Tests.csproj", "{7B717C5B-9D8A-4681-9246-E61193A7C544}"
EndProject
Project("{FAE04EC0-301F-11D3-BF4B-00C04F79EFBC}") = "Day4", "Day4\Day4.csproj", "{FCFA6FBB-0509-4453-9684-EBBEEB9E2B40}"
EndProject
Project("{FAE04EC0-301F-11D3-BF4B-00C04F79EFBC}") = "Day4.Tests", "Day4.Tests\Day4.Tests.csproj", "{0397A6C9-9D8F-48A4-8410-4F1F695F6E7A}"
EndProject
Project("{FAE04EC0-301F-11D3-BF4B-00C04F79EFBC}") = "Day5", "Day5\Day5.csproj", "{26CA0969-9B17-495A-95CF-DD4918CCDA51}"
EndProject
Project("{FAE04EC0-301F-11D3-BF4B-00C04F79EFBC}") = "Day5.Tests", "Day5.Tests\Day5.Tests.csproj", "{2726F68C-2C17-4E6F-86F4-D37D09AAA64A}"
EndProject
Project("{FAE04EC0-301F-11D3-BF4B-00C04F79EFBC}") = "Day6", "Day6\Day6.csproj", "{ED73D6A6-6462-42B1-9A23-A111C887CFBE}"
EndProject
Project("{FAE04EC0-301F-11D3-BF4B-00C04F79EFBC}") = "Day6.Tests", "Day6.Tests\Day6.Tests.csproj", "{916F3D97-7045-4ADB-B8C1-9D2620E6885B}"
EndProject
Global
	GlobalSection(SolutionConfigurationPlatforms) = preSolution
		Debug|Any CPU = Debug|Any CPU
		Release|Any CPU = Release|Any CPU
	EndGlobalSection
	GlobalSection(ProjectConfigurationPlatforms) = postSolution
		{A0378DC1-E34B-42D6-8D90-A50DCB089597}.Debug|Any CPU.ActiveCfg = Debug|Any CPU
		{A0378DC1-E34B-42D6-8D90-A50DCB089597}.Debug|Any CPU.Build.0 = Debug|Any CPU
		{A0378DC1-E34B-42D6-8D90-A50DCB089597}.Release|Any CPU.ActiveCfg = Release|Any CPU
		{A0378DC1-E34B-42D6-8D90-A50DCB089597}.Release|Any CPU.Build.0 = Release|Any CPU
		{B905D44A-0C72-41DB-ACB1-FCA133A11487}.Debug|Any CPU.ActiveCfg = Debug|Any CPU
		{B905D44A-0C72-41DB-ACB1-FCA133A11487}.Debug|Any CPU.Build.0 = Debug|Any CPU
		{B905D44A-0C72-41DB-ACB1-FCA133A11487}.Release|Any CPU.ActiveCfg = Release|Any CPU
		{B905D44A-0C72-41DB-ACB1-FCA133A11487}.Release|Any CPU.Build.0 = Release|Any CPU
		{E7B675C1-590E-4922-AFBC-34E9B4B9031E}.Debug|Any CPU.ActiveCfg = Debug|Any CPU
		{E7B675C1-590E-4922-AFBC-34E9B4B9031E}.Debug|Any CPU.Build.0 = Debug|Any CPU
		{E7B675C1-590E-4922-AFBC-34E9B4B9031E}.Release|Any CPU.ActiveCfg = Release|Any CPU
		{E7B675C1-590E-4922-AFBC-34E9B4B9031E}.Release|Any CPU.Build.0 = Release|Any CPU
		{A0E034A1-D71A-4D37-A2B9-831111132915}.Debug|Any CPU.ActiveCfg = Debug|Any CPU
		{A0E034A1-D71A-4D37-A2B9-831111132915}.Debug|Any CPU.Build.0 = Debug|Any CPU
		{A0E034A1-D71A-4D37-A2B9-831111132915}.Release|Any CPU.ActiveCfg = Release|Any CPU
		{A0E034A1-D71A-4D37-A2B9-831111132915}.Release|Any CPU.Build.0 = Release|Any CPU
		{93ECB516-B9BB-47D2-9E3A-7A468961E417}.Debug|Any CPU.ActiveCfg = Debug|Any CPU
		{93ECB516-B9BB-47D2-9E3A-7A468961E417}.Debug|Any CPU.Build.0 = Debug|Any CPU
		{93ECB516-B9BB-47D2-9E3A-7A468961E417}.Release|Any CPU.ActiveCfg = Release|Any CPU
		{93ECB516-B9BB-47D2-9E3A-7A468961E417}.Release|Any CPU.Build.0 = Release|Any CPU
		{7B717C5B-9D8A-4681-9246-E61193A7C544}.Debug|Any CPU.ActiveCfg = Debug|Any CPU
		{7B717C5B-9D8A-4681-9246-E61193A7C544}.Debug|Any CPU.Build.0 = Debug|Any CPU
		{7B717C5B-9D8A-4681-9246-E61193A7C544}.Release|Any CPU.ActiveCfg = Release|Any CPU
		{7B717C5B-9D8A-4681-9246-E61193A7C544}.Release|Any CPU.Build.0 = Release|Any CPU
		{FCFA6FBB-0509-4453-9684-EBBEEB9E2B40}.Debug|Any CPU.ActiveCfg = Debug|Any CPU
		{FCFA6FBB-0509-4453-9684-EBBEEB9E2B40}.Debug|Any CPU.Build.0 = Debug|Any CPU
		{FCFA6FBB-0509-4453-9684-EBBEEB9E2B40}.Release|Any CPU.ActiveCfg = Release|Any CPU
		{FCFA6FBB-0509-4453-9684-EBBEEB9E2B40}.Release|Any CPU.Build.0 = Release|Any CPU
		{0397A6C9-9D8F-48A4-8410-4F1F695F6E7A}.Debug|Any CPU.ActiveCfg = Debug|Any CPU
		{0397A6C9-9D8F-48A4-8410-4F1F695F6E7A}.Debug|Any CPU.Build.0 = Debug|Any CPU
		{0397A6C9-9D8F-48A4-8410-4F1F695F6E7A}.Release|Any CPU.ActiveCfg = Release|Any CPU
		{0397A6C9-9D8F-48A4-8410-4F1F695F6E7A}.Release|Any CPU.Build.0 = Release|Any CPU
		{26CA0969-9B17-495A-95CF-DD4918CCDA51}.Debug|Any CPU.ActiveCfg = Debug|Any CPU
		{26CA0969-9B17-495A-95CF-DD4918CCDA51}.Debug|Any CPU.Build.0 = Debug|Any CPU
		{26CA0969-9B17-495A-95CF-DD4918CCDA51}.Release|Any CPU.ActiveCfg = Release|Any CPU
		{26CA0969-9B17-495A-95CF-DD4918CCDA51}.Release|Any CPU.Build.0 = Release|Any CPU
		{2726F68C-2C17-4E6F-86F4-D37D09AAA64A}.Debug|Any CPU.ActiveCfg = Debug|Any CPU
		{2726F68C-2C17-4E6F-86F4-D37D09AAA64A}.Debug|Any CPU.Build.0 = Debug|Any CPU
		{2726F68C-2C17-4E6F-86F4-D37D09AAA64A}.Release|Any CPU.ActiveCfg = Release|Any CPU
		{2726F68C-2C17-4E6F-86F4-D37D09AAA64A}.Release|Any CPU.Build.0 = Release|Any CPU
		{ED73D6A6-6462-42B1-9A23-A111C887CFBE}.Debug|Any CPU.ActiveCfg = Debug|Any CPU
		{ED73D6A6-6462-42B1-9A23-A111C887CFBE}.Debug|Any CPU.Build.0 = Debug|Any CPU
		{ED73D6A6-6462-42B1-9A23-A111C887CFBE}.Release|Any CPU.ActiveCfg = Release|Any CPU
		{ED73D6A6-6462-42B1-9A23-A111C887CFBE}.Release|Any CPU.Build.0 = Release|Any CPU
		{916F3D97-7045-4ADB-B8C1-9D2620E6885B}.Debug|Any CPU.ActiveCfg = Debug|Any CPU
		{916F3D97-7045-4ADB-B8C1-9D2620E6885B}.Debug|Any CPU.Build.0 = Debug|Any CPU
		{916F3D97-7045-4ADB-B8C1-9D2620E6885B}.Release|Any CPU.ActiveCfg = Release|Any CPU
		{916F3D97-7045-4ADB-B8C1-9D2620E6885B}.Release|Any CPU.Build.0 = Release|Any CPU
	EndGlobalSection
EndGlobal
